
Microsoft Visual Studio Solution File, Format Version 12.00
# Visual Studio 15
VisualStudioVersion = 15.0.28010.2050
MinimumVisualStudioVersion = 10.0.40219.1
Project("{FAE04EC0-301F-11D3-BF4B-00C04F79EFBC}") = "heurtin.WpfAnimation", "heurtin.WpfAnimation\heurtin.WpfAnimation.csproj", "{D4CFA90D-F120-4E47-893D-E5A4087AF39E}"
EndProject
Global
	GlobalSection(SolutionConfigurationPlatforms) = preSolution
		Debug|Any CPU = Debug|Any CPU
		Release|Any CPU = Release|Any CPU
	EndGlobalSection
	GlobalSection(ProjectConfigurationPlatforms) = postSolution
		{D4CFA90D-F120-4E47-893D-E5A4087AF39E}.Debug|Any CPU.ActiveCfg = Debug|Any CPU
		{D4CFA90D-F120-4E47-893D-E5A4087AF39E}.Debug|Any CPU.Build.0 = Debug|Any CPU
		{D4CFA90D-F120-4E47-893D-E5A4087AF39E}.Release|Any CPU.ActiveCfg = Release|Any CPU
		{D4CFA90D-F120-4E47-893D-E5A4087AF39E}.Release|Any CPU.Build.0 = Release|Any CPU
	EndGlobalSection
	GlobalSection(SolutionProperties) = preSolution
		HideSolutionNode = FALSE
	EndGlobalSection
	GlobalSection(ExtensibilityGlobals) = postSolution
		SolutionGuid = {A739B4E3-1A49-4B92-BE78-70690A141285}
	EndGlobalSection
EndGlobal
